
Microsoft Visual Studio Solution File, Format Version 12.00
# Visual Studio Version 17
VisualStudioVersion = 17.3.32922.545
MinimumVisualStudioVersion = 10.0.40219.1
Project("{9A19103F-16F7-4668-BE54-9A1E7A4F7556}") = "Products.API", "src\Products.API\Products.API.csproj", "{F64C55CB-D64D-4421-856B-E89E35195A86}"
EndProject
Project("{FAE04EC0-301F-11D3-BF4B-00C04F79EFBC}") = "Products.API.Tests", "test\Products.API.Tests\Products.API.Tests.csproj", "{79BCEA36-EC28-4EFE-A9B6-7A6B1AF72930}"
EndProject
Global
	GlobalSection(SolutionConfigurationPlatforms) = preSolution
		Debug|Any CPU = Debug|Any CPU
		Release|Any CPU = Release|Any CPU
	EndGlobalSection
	GlobalSection(ProjectConfigurationPlatforms) = postSolution
		{F64C55CB-D64D-4421-856B-E89E35195A86}.Debug|Any CPU.ActiveCfg = Debug|Any CPU
		{F64C55CB-D64D-4421-856B-E89E35195A86}.Debug|Any CPU.Build.0 = Debug|Any CPU
		{F64C55CB-D64D-4421-856B-E89E35195A86}.Release|Any CPU.ActiveCfg = Release|Any CPU
		{F64C55CB-D64D-4421-856B-E89E35195A86}.Release|Any CPU.Build.0 = Release|Any CPU
		{79BCEA36-EC28-4EFE-A9B6-7A6B1AF72930}.Debug|Any CPU.ActiveCfg = Debug|Any CPU
		{79BCEA36-EC28-4EFE-A9B6-7A6B1AF72930}.Debug|Any CPU.Build.0 = Debug|Any CPU
		{79BCEA36-EC28-4EFE-A9B6-7A6B1AF72930}.Release|Any CPU.ActiveCfg = Release|Any CPU
		{79BCEA36-EC28-4EFE-A9B6-7A6B1AF72930}.Release|Any CPU.Build.0 = Release|Any CPU
	EndGlobalSection
	GlobalSection(SolutionProperties) = preSolution
		HideSolutionNode = FALSE
	EndGlobalSection
	GlobalSection(ExtensibilityGlobals) = postSolution
		SolutionGuid = {8E1AFCA1-2287-4A13-9858-7FC11191954B}
	EndGlobalSection
EndGlobal
